
Microsoft Visual Studio Solution File, Format Version 12.00
# Visual Studio Version 17
VisualStudioVersion = 17.8.34330.188
MinimumVisualStudioVersion = 10.0.40219.1
Project("{FAE04EC0-301F-11D3-BF4B-00C04F79EFBC}") = "JackChavers_HW10_Task1", "JackChavers_HW10_Task1\JackChavers_HW10_Task1.csproj", "{73E6B3FC-0C0F-4F87-AD55-130146589C48}"
EndProject
Global
	GlobalSection(SolutionConfigurationPlatforms) = preSolution
		Debug|Any CPU = Debug|Any CPU
		Release|Any CPU = Release|Any CPU
	EndGlobalSection
	GlobalSection(ProjectConfigurationPlatforms) = postSolution
		{73E6B3FC-0C0F-4F87-AD55-130146589C48}.Debug|Any CPU.ActiveCfg = Debug|Any CPU
		{73E6B3FC-0C0F-4F87-AD55-130146589C48}.Debug|Any CPU.Build.0 = Debug|Any CPU
		{73E6B3FC-0C0F-4F87-AD55-130146589C48}.Release|Any CPU.ActiveCfg = Release|Any CPU
		{73E6B3FC-0C0F-4F87-AD55-130146589C48}.Release|Any CPU.Build.0 = Release|Any CPU
	EndGlobalSection
	GlobalSection(SolutionProperties) = preSolution
		HideSolutionNode = FALSE
	EndGlobalSection
	GlobalSection(ExtensibilityGlobals) = postSolution
		SolutionGuid = {B3374B77-DCE8-4DBF-911A-DDB45A977A55}
	EndGlobalSection
EndGlobal
